
Microsoft Visual Studio Solution File, Format Version 12.00
# Visual Studio 11
Project("{FAE04EC0-301F-11D3-BF4B-00C04F79EFBC}") = "xenguestagent", "xenguestagent\xenguestagent.csproj", "{3ED7801D-417F-42C0-9BD3-79F57309CC12}"
	ProjectSection(ProjectDependencies) = postProject
		{C628D716-5062-4A5C-904E-4ABEBAB262E0} = {C628D716-5062-4A5C-904E-4ABEBAB262E0}
	EndProjectSection
EndProject
Project("{FAE04EC0-301F-11D3-BF4B-00C04F79EFBC}") = "xenguestlib", "xenguestlib\xenguestlib.csproj", "{C628D716-5062-4A5C-904E-4ABEBAB262E0}"
EndProject
Project("{FAE04EC0-301F-11D3-BF4B-00C04F79EFBC}") = "xenupdater", "xenupdater\xenupdater.csproj", "{83E81650-05AB-404B-8042-A2A6FAAB2BCD}"
EndProject
Project("{FAE04EC0-301F-11D3-BF4B-00C04F79EFBC}") = "xendpriv", "xendpriv\xendpriv.csproj", "{F028D47C-F939-42FC-ACD3-C685BFB01B23}"
EndProject
Global
	GlobalSection(SolutionConfigurationPlatforms) = preSolution
		Debug|Any CPU = Debug|Any CPU
		Release|Any CPU = Release|Any CPU
	EndGlobalSection
	GlobalSection(ProjectConfigurationPlatforms) = postSolution
		{3ED7801D-417F-42C0-9BD3-79F57309CC12}.Debug|Any CPU.ActiveCfg = Debug|Any CPU
		{3ED7801D-417F-42C0-9BD3-79F57309CC12}.Debug|Any CPU.Build.0 = Debug|Any CPU
		{3ED7801D-417F-42C0-9BD3-79F57309CC12}.Release|Any CPU.ActiveCfg = Release|Any CPU
		{3ED7801D-417F-42C0-9BD3-79F57309CC12}.Release|Any CPU.Build.0 = Release|Any CPU
		{C628D716-5062-4A5C-904E-4ABEBAB262E0}.Debug|Any CPU.ActiveCfg = Debug|Any CPU
		{C628D716-5062-4A5C-904E-4ABEBAB262E0}.Debug|Any CPU.Build.0 = Debug|Any CPU
		{C628D716-5062-4A5C-904E-4ABEBAB262E0}.Release|Any CPU.ActiveCfg = Release|Any CPU
		{C628D716-5062-4A5C-904E-4ABEBAB262E0}.Release|Any CPU.Build.0 = Release|Any CPU
		{F028D47C-F939-42FC-ACD3-C685BFB01B23}.Debug|Any CPU.ActiveCfg = Debug|Any CPU
		{F028D47C-F939-42FC-ACD3-C685BFB01B23}.Debug|Any CPU.Build.0 = Debug|Any CPU
		{F028D47C-F939-42FC-ACD3-C685BFB01B23}.Release|Any CPU.ActiveCfg = Release|Any CPU
		{F028D47C-F939-42FC-ACD3-C685BFB01B23}.Release|Any CPU.Build.0 = Release|Any CPU
		{83E81650-05AB-404B-8042-A2A6FAAB2BCD}.Debug|Any CPU.ActiveCfg = Debug|Any CPU
		{83E81650-05AB-404B-8042-A2A6FAAB2BCD}.Debug|Any CPU.Build.0 = Debug|Any CPU
		{83E81650-05AB-404B-8042-A2A6FAAB2BCD}.Release|Any CPU.ActiveCfg = Release|Any CPU
		{83E81650-05AB-404B-8042-A2A6FAAB2BCD}.Release|Any CPU.Build.0 = Release|Any CPU
	EndGlobalSection
	GlobalSection(SolutionProperties) = preSolution
		HideSolutionNode = FALSE
	EndGlobalSection
EndGlobal
